
Microsoft Visual Studio Solution File, Format Version 12.00
# Visual Studio Version 16
VisualStudioVersion = 16.0.30114.105
MinimumVisualStudioVersion = 10.0.40219.1
Project("{FAE04EC0-301F-11D3-BF4B-00C04F79EFBC}") = "RylMatching", "RylMatching\RylMatching.csproj", "{92EA9687-CCCE-4FDD-B642-47CC023F6D48}"
EndProject
Project("{FAE04EC0-301F-11D3-BF4B-00C04F79EFBC}") = "RylMatching.Cli", "RylMatching.Cli\RylMatching.Cli.csproj", "{FED4D703-C128-4AAD-BD1D-50F69979967C}"
EndProject
Global
	GlobalSection(SolutionConfigurationPlatforms) = preSolution
		Debug|Any CPU = Debug|Any CPU
		Release|Any CPU = Release|Any CPU
	EndGlobalSection
	GlobalSection(SolutionProperties) = preSolution
		HideSolutionNode = FALSE
	EndGlobalSection
	GlobalSection(ProjectConfigurationPlatforms) = postSolution
		{92EA9687-CCCE-4FDD-B642-47CC023F6D48}.Debug|Any CPU.ActiveCfg = Debug|Any CPU
		{92EA9687-CCCE-4FDD-B642-47CC023F6D48}.Debug|Any CPU.Build.0 = Debug|Any CPU
		{92EA9687-CCCE-4FDD-B642-47CC023F6D48}.Release|Any CPU.ActiveCfg = Release|Any CPU
		{92EA9687-CCCE-4FDD-B642-47CC023F6D48}.Release|Any CPU.Build.0 = Release|Any CPU
		{FED4D703-C128-4AAD-BD1D-50F69979967C}.Debug|Any CPU.ActiveCfg = Debug|Any CPU
		{FED4D703-C128-4AAD-BD1D-50F69979967C}.Debug|Any CPU.Build.0 = Debug|Any CPU
		{FED4D703-C128-4AAD-BD1D-50F69979967C}.Release|Any CPU.ActiveCfg = Release|Any CPU
		{FED4D703-C128-4AAD-BD1D-50F69979967C}.Release|Any CPU.Build.0 = Release|Any CPU
	EndGlobalSection
EndGlobal
